
Microsoft Visual Studio Solution File, Format Version 12.00
# Visual Studio Version 16
VisualStudioVersion = 16.0.31613.86
MinimumVisualStudioVersion = 10.0.40219.1
Project("{FAE04EC0-301F-11D3-BF4B-00C04F79EFBC}") = "Dio.Dotnet.POO", "Dio.Dotnet.POO\Dio.Dotnet.POO.csproj", "{2E882852-D6AF-4439-BBB0-5CF6CC2D564E}"
EndProject
Global
	GlobalSection(SolutionConfigurationPlatforms) = preSolution
		Debug|Any CPU = Debug|Any CPU
		Release|Any CPU = Release|Any CPU
	EndGlobalSection
	GlobalSection(ProjectConfigurationPlatforms) = postSolution
		{2E882852-D6AF-4439-BBB0-5CF6CC2D564E}.Debug|Any CPU.ActiveCfg = Debug|Any CPU
		{2E882852-D6AF-4439-BBB0-5CF6CC2D564E}.Debug|Any CPU.Build.0 = Debug|Any CPU
		{2E882852-D6AF-4439-BBB0-5CF6CC2D564E}.Release|Any CPU.ActiveCfg = Release|Any CPU
		{2E882852-D6AF-4439-BBB0-5CF6CC2D564E}.Release|Any CPU.Build.0 = Release|Any CPU
	EndGlobalSection
	GlobalSection(SolutionProperties) = preSolution
		HideSolutionNode = FALSE
	EndGlobalSection
	GlobalSection(ExtensibilityGlobals) = postSolution
		SolutionGuid = {F6817ED0-6144-4867-AC97-198A8DDD12B7}
	EndGlobalSection
EndGlobal
